# THIS IS AN AUTOGENERATED FILE. DO NOT EDIT THIS FILE DIRECTLY.
# yarn lockfile v1


addressparser@1.0.1:
  version "1.0.1"
  resolved "https://registry.yarnpkg.com/addressparser/-/addressparser-1.0.1.tgz#47afbe1a2a9262191db6838e4fd1d39b40821746"
  integrity sha1-R6++GiqSYhkdtoOOT9HTm0CCF0Y=

amqplib@^0.8.0:
  version "0.8.0"
  resolved "https://registry.yarnpkg.com/amqplib/-/amqplib-0.8.0.tgz#088d10bc61cc5ac5a49ac72033c7ac66c23aeb61"
  integrity sha512-icU+a4kkq4Y1PS4NNi+YPDMwdlbFcZ1EZTQT2nigW3fvOb6AOgUQ9+Mk4ue0Zu5cBg/XpDzB40oH10ysrk2dmA==
  dependencies:
    bitsyntax "~0.1.0"
    bluebird "^3.7.2"
    buffer-more-ints "~1.0.0"
    readable-stream "1.x >=1.1.9"
    safe-buffer "~5.2.1"
    url-parse "~1.5.1"

bitsyntax@~0.1.0:
  version "0.1.0"
  resolved "https://registry.yarnpkg.com/bitsyntax/-/bitsyntax-0.1.0.tgz#b0c59acef03505de5a2ed62a2f763c56ae1d6205"
  integrity sha512-ikAdCnrloKmFOugAfxWws89/fPc+nw0OOG1IzIE72uSOg/A3cYptKCjSUhDTuj7fhsJtzkzlv7l3b8PzRHLN0Q==
  dependencies:
    buffer-more-ints "~1.0.0"
    debug "~2.6.9"
    safe-buffer "~5.1.2"

bluebird@^3.7.2:
  version "3.7.2"
  resolved "https://registry.yarnpkg.com/bluebird/-/bluebird-3.7.2.tgz#9f229c15be272454ffa973ace0dbee79a1b0c36f"
  integrity sha512-XpNj6GDQzdfW+r2Wnn7xiSAd7TM3jzkxGXBGTtWKuSXv1xUV+azxAm8jdWZN06QTQk+2N2XB9jRDkvbmQmcRtg==

buffer-more-ints@~1.0.0:
  version "1.0.0"
  resolved "https://registry.yarnpkg.com/buffer-more-ints/-/buffer-more-ints-1.0.0.tgz#ef4f8e2dddbad429ed3828a9c55d44f05c611422"
  integrity sha512-EMetuGFz5SLsT0QTnXzINh4Ksr+oo4i+UGTXEshiGCQWnsgSs7ZhJ8fzlwQ+OzEMs0MpDAMr1hxnblp5a4vcHg==

buildmail@4.0.1:
  version "4.0.1"
  resolved "https://registry.yarnpkg.com/buildmail/-/buildmail-4.0.1.tgz#877f7738b78729871c9a105e3b837d2be11a7a72"
  integrity sha1-h393OLeHKYccmhBeO4N9K+EaenI=
  dependencies:
    addressparser "1.0.1"
    libbase64 "0.1.0"
    libmime "3.0.0"
    libqp "1.1.0"
    nodemailer-fetch "1.6.0"
    nodemailer-shared "1.1.0"
    punycode "1.4.1"

core-util-is@~1.0.0:
  version "1.0.3"
  resolved "https://registry.yarnpkg.com/core-util-is/-/core-util-is-1.0.3.tgz#a6042d3634c2b27e9328f837b965fac83808db85"
  integrity sha512-ZQBvi1DcpJ4GDqanjucZ2Hj3wEO5pZDS89BWbkcrvdxksJorwUDDZamX9ldFkp9aw2lmBDLgkObEA4DWNJ9FYQ==

debug@~2.6.9:
  version "2.6.9"
  resolved "https://registry.yarnpkg.com/debug/-/debug-2.6.9.tgz#5d128515df134ff327e90a4c93f4e077a536341f"
  integrity sha512-bC7ElrdJaJnPbAP+1EotYvqZsb3ecl5wi6Bfi6BJTUcNowp6cvspg0jXznRTKDjm/E7AdgFBVeAPVMNcKGsHMA==
  dependencies:
    ms "2.0.0"

httpntlm@1.6.1:
  version "1.6.1"
  resolved "https://registry.yarnpkg.com/httpntlm/-/httpntlm-1.6.1.tgz#ad01527143a2e8773cfae6a96f58656bb52a34b2"
  integrity sha1-rQFScUOi6Hc8+uapb1hla7UqNLI=
  dependencies:
    httpreq ">=0.4.22"
    underscore "~1.7.0"

httpreq@>=0.4.22:
  version "0.5.2"
  resolved "https://registry.yarnpkg.com/httpreq/-/httpreq-0.5.2.tgz#be6777292fa1038d7771d7c01d9a5e1219de951c"
  integrity sha512-2Jm+x9WkExDOeFRrdBCBSpLPT5SokTcRHkunV3pjKmX/cx6av8zQ0WtHUMDrYb6O4hBFzNU6sxJEypvRUVYKnw==

iconv-lite@0.4.15:
  version "0.4.15"
  resolved "https://registry.yarnpkg.com/iconv-lite/-/iconv-lite-0.4.15.tgz#fe265a218ac6a57cfe854927e9d04c19825eddeb"
  integrity sha1-/iZaIYrGpXz+hUkn6dBMGYJe3es=

inherits@~2.0.1:
  version "2.0.4"
  resolved "https://registry.yarnpkg.com/inherits/-/inherits-2.0.4.tgz#0fa2c64f932917c3433a0ded55363aae37416b7c"
  integrity sha512-k/vGaX4/Yla3WzyMCvTQOXYeIHvqOKtnqBduzTHpzpQZzAskKMhZ2K+EnBiSM9zGSoIFeMpXKxa4dYeZIQqewQ==

ip@^1.1.2:
  version "1.1.5"
  resolved "https://registry.yarnpkg.com/ip/-/ip-1.1.5.tgz#bdded70114290828c0a039e72ef25f5aaec4354a"
  integrity sha1-vd7XARQpCCjAoDnnLvJfWq7ENUo=

isarray@0.0.1:
  version "0.0.1"
  resolved "https://registry.yarnpkg.com/isarray/-/isarray-0.0.1.tgz#8a18acfca9a8f4177e09abfc6038939b05d1eedf"
  integrity sha1-ihis/Kmo9Bd+Cav8YDiTmwXR7t8=

libbase64@0.1.0:
  version "0.1.0"
  resolved "https://registry.yarnpkg.com/libbase64/-/libbase64-0.1.0.tgz#62351a839563ac5ff5bd26f12f60e9830bb751e6"
  integrity sha1-YjUag5VjrF/1vSbxL2Dpgwu3UeY=

libmime@3.0.0:
  version "3.0.0"
  resolved "https://registry.yarnpkg.com/libmime/-/libmime-3.0.0.tgz#51a1a9e7448ecbd32cda54421675bb21bc093da6"
  integrity sha1-UaGp50SOy9Ms2lRCFnW7IbwJPaY=
  dependencies:
    iconv-lite "0.4.15"
    libbase64 "0.1.0"
    libqp "1.1.0"

libqp@1.1.0:
  version "1.1.0"
  resolved "https://registry.yarnpkg.com/libqp/-/libqp-1.1.0.tgz#f5e6e06ad74b794fb5b5b66988bf728ef1dedbe8"
  integrity sha1-9ebgatdLeU+1tbZpiL9yjvHe2+g=

mailcomposer@4.0.1:
  version "4.0.1"
  resolved "https://registry.yarnpkg.com/mailcomposer/-/mailcomposer-4.0.1.tgz#0e1c44b2a07cf740ee17dc149ba009f19cadfeb4"
  integrity sha1-DhxEsqB890DuF9wUm6AJ8Zyt/rQ=
  dependencies:
    buildmail "4.0.1"
    libmime "3.0.0"

ms@2.0.0:
  version "2.0.0"
  resolved "https://registry.yarnpkg.com/ms/-/ms-2.0.0.tgz#5608aeadfc00be6c2901df5f9861788de0d597c8"
  integrity sha1-VgiurfwAvmwpAd9fmGF4jeDVl8g=

nodemailer-direct-transport@3.3.2:
  version "3.3.2"
  resolved "https://registry.yarnpkg.com/nodemailer-direct-transport/-/nodemailer-direct-transport-3.3.2.tgz#e96fafb90358560947e569017d97e60738a50a86"
  integrity sha1-6W+vuQNYVglH5WkBfZfmBzilCoY=
  dependencies:
    nodemailer-shared "1.1.0"
    smtp-connection "2.12.0"

nodemailer-fetch@1.6.0:
  version "1.6.0"
  resolved "https://registry.yarnpkg.com/nodemailer-fetch/-/nodemailer-fetch-1.6.0.tgz#79c4908a1c0f5f375b73fe888da9828f6dc963a4"
  integrity sha1-ecSQihwPXzdbc/6IjamCj23JY6Q=

nodemailer-shared@1.1.0:
  version "1.1.0"
  resolved "https://registry.yarnpkg.com/nodemailer-shared/-/nodemailer-shared-1.1.0.tgz#cf5994e2fd268d00f5cf0fa767a08169edb07ec0"
  integrity sha1-z1mU4v0mjQD1zw+nZ6CBae2wfsA=
  dependencies:
    nodemailer-fetch "1.6.0"

nodemailer-smtp-pool@2.8.2:
  version "2.8.2"
  resolved "https://registry.yarnpkg.com/nodemailer-smtp-pool/-/nodemailer-smtp-pool-2.8.2.tgz#2eb94d6cf85780b1b4725ce853b9cbd5e8da8c72"
  integrity sha1-LrlNbPhXgLG0clzoU7nL1ejajHI=
  dependencies:
    nodemailer-shared "1.1.0"
    nodemailer-wellknown "0.1.10"
    smtp-connection "2.12.0"

nodemailer-smtp-transport@2.7.2:
  version "2.7.2"
  resolved "https://registry.yarnpkg.com/nodemailer-smtp-transport/-/nodemailer-smtp-transport-2.7.2.tgz#03d71c76314f14ac7dbc7bf033a6a6d16d67fb77"
  integrity sha1-A9ccdjFPFKx9vHvwM6am0W1n+3c=
  dependencies:
    nodemailer-shared "1.1.0"
    nodemailer-wellknown "0.1.10"
    smtp-connection "2.12.0"

nodemailer-wellknown@0.1.10:
  version "0.1.10"
  resolved "https://registry.yarnpkg.com/nodemailer-wellknown/-/nodemailer-wellknown-0.1.10.tgz#586db8101db30cb4438eb546737a41aad0cf13d5"
  integrity sha1-WG24EB2zDLRDjrVGc3pBqtDPE9U=

nodemailer@2.3.7:
  version "2.7.2"
  resolved "https://registry.yarnpkg.com/nodemailer/-/nodemailer-2.7.2.tgz#f242e649aeeae39b6c7ed740ef7b061c404d30f9"
  integrity sha1-8kLmSa7q45tsftdA73sGHEBNMPk=
  dependencies:
    libmime "3.0.0"
    mailcomposer "4.0.1"
    nodemailer-direct-transport "3.3.2"
    nodemailer-shared "1.1.0"
    nodemailer-smtp-pool "2.8.2"
    nodemailer-smtp-transport "2.7.2"
    socks "1.1.9"

punycode@1.4.1:
  version "1.4.1"
  resolved "https://registry.yarnpkg.com/punycode/-/punycode-1.4.1.tgz#c0d5a63b2718800ad8e1eb0fa5269c84dd41845e"
  integrity sha1-wNWmOycYgArY4esPpSachN1BhF4=

querystringify@^2.1.1:
  version "2.2.0"
  resolved "https://registry.yarnpkg.com/querystringify/-/querystringify-2.2.0.tgz#3345941b4153cb9d082d8eee4cda2016a9aef7f6"
  integrity sha512-FIqgj2EUvTa7R50u0rGsyTftzjYmv/a3hO345bZNrqabNqjtgiDMgmo4mkUjd+nzU5oF3dClKqFIPUKybUyqoQ==

"readable-stream@1.x >=1.1.9":
  version "1.1.14"
  resolved "https://registry.yarnpkg.com/readable-stream/-/readable-stream-1.1.14.tgz#7cf4c54ef648e3813084c636dd2079e166c081d9"
  integrity sha1-fPTFTvZI44EwhMY23SB54WbAgdk=
  dependencies:
    core-util-is "~1.0.0"
    inherits "~2.0.1"
    isarray "0.0.1"
    string_decoder "~0.10.x"

requires-port@^1.0.0:
  version "1.0.0"
  resolved "https://registry.yarnpkg.com/requires-port/-/requires-port-1.0.0.tgz#925d2601d39ac485e091cf0da5c6e694dc3dcaff"
  integrity sha1-kl0mAdOaxIXgkc8NpcbmlNw9yv8=

safe-buffer@~5.1.2:
  version "5.1.2"
  resolved "https://registry.yarnpkg.com/safe-buffer/-/safe-buffer-5.1.2.tgz#991ec69d296e0313747d59bdfd2b745c35f8828d"
  integrity sha512-Gd2UZBJDkXlY7GbJxfsE8/nvKkUEU1G38c1siN6QP6a9PT9MmHB8GnpscSmMJSoF8LOIrt8ud/wPtojys4G6+g==

safe-buffer@~5.2.1:
  version "5.2.1"
  resolved "https://registry.yarnpkg.com/safe-buffer/-/safe-buffer-5.2.1.tgz#1eaf9fa9bdb1fdd4ec75f58f9cdb4e6b7827eec6"
  integrity sha512-rp3So07KcdmmKbGvgaNxQSJr7bGVSVk5S9Eq1F+ppbRo70+YeaDxkw5Dd8NPN+GD6bjnYm2VuPuCXmpuYvmCXQ==

smart-buffer@^1.0.4:
  version "1.1.15"
  resolved "https://registry.yarnpkg.com/smart-buffer/-/smart-buffer-1.1.15.tgz#7f114b5b65fab3e2a35aa775bb12f0d1c649bf16"
  integrity sha1-fxFLW2X6s+KjWqd1uxLw0cZJvxY=

smtp-connection@2.12.0:
  version "2.12.0"
  resolved "https://registry.yarnpkg.com/smtp-connection/-/smtp-connection-2.12.0.tgz#d76ef9127cb23c2259edb1e8349c2e8d5e2d74c1"
  integrity sha1-1275EnyyPCJZ7bHoNJwujV4tdME=
  dependencies:
    httpntlm "1.6.1"
    nodemailer-shared "1.1.0"

socks@1.1.9:
  version "1.1.9"
  resolved "https://registry.yarnpkg.com/socks/-/socks-1.1.9.tgz#628d7e4d04912435445ac0b6e459376cb3e6d691"
  integrity sha1-Yo1+TQSRJDVEWsC25Fk3bLPm1pE=
  dependencies:
    ip "^1.1.2"
    smart-buffer "^1.0.4"

string_decoder@~0.10.x:
  version "0.10.31"
  resolved "https://registry.yarnpkg.com/string_decoder/-/string_decoder-0.10.31.tgz#62e203bc41766c6c28c9fc84301dab1c5310fa94"
  integrity sha1-YuIDvEF2bGwoyfyEMB2rHFMQ+pQ=

underscore@~1.7.0:
  version "1.7.0"
  resolved "https://registry.yarnpkg.com/underscore/-/underscore-1.7.0.tgz#6bbaf0877500d36be34ecaa584e0db9fef035209"
  integrity sha1-a7rwh3UA02vjTsqlhODbn+8DUgk=

url-parse@~1.5.1:
  version "1.5.3"
  resolved "https://registry.yarnpkg.com/url-parse/-/url-parse-1.5.3.tgz#71c1303d38fb6639ade183c2992c8cc0686df862"
  integrity sha512-IIORyIQD9rvj0A4CLWsHkBBJuNqWpFQe224b6j9t/ABmquIS0qDU2pY6kl6AuOrL5OkCXHMCFNe1jBcuAggjvQ==
  dependencies:
    querystringify "^2.1.1"
    requires-port "^1.0.0"
